github.com/BurntSushi/toml v1.6.0 h1:dRaEfpa2VI55EwlIW72hMRHdWouJeRF7TPYhI+AUQjk=
github.com/BurntSushi/toml v1.6.0/go.mod h1:ukJfTF/6rtPPRCnwkur4qwRxa8vTRFBF0uk2lLoLwho=
github.com/edsrzf/mmap-go v1.2.0 h1:hXLYlkbaPzt1SaQk+anYwKSRNhufIDCchSPkUD6dD84=
github.com/edsrzf/mmap-go v1.2.0/go.mod h1:19H/e8pUPLicwkyNgOykDXkJ9F0MHE+Z52B8EIth78Q=
github.com/gdbu/atoms v1.0.1 h1:7vSKoMNHQXQ0iMnDKjTDbOjhPVHZxgqiW4KPpKzGjyY=
github.com/gdbu/atoms v1.0.1/go.mod h1:NAF1/IvAK0xby1xvmlRLBpapkWBhWL8dlcsxVDGuUpo=
github.com/gdbu/bolt v1.4.0 h1:y0KmQLexHzWrpx3vdmqsFdgyRBKze/6jir9/y6Qw2Ig=
github.com/gdbu/bolt v1.4.0/go.mod h1:VxXGB8ehMDPaJIu3txG1PboAODVQu1mVDDN8i9FBVUU=
github.com/gdbu/errors v0.5.0 h1:Eind/t7U7V8ALS9U5BGl4Sgf/o4OrAZHYXvZO33Hbd0=
github.com/gdbu/errors v0.5.0/go.mod h1:npjb1xcBE8Z692We7B/woYfmYpfOQj/alXNXZ3TT2YQ=
github.com/gdbu/queue v0.4.81 h1:QusSVhD2Nmodx9Eu6gJbAUu4Gb6j3JhrUlITArfj1Kc=
github.com/gdbu/queue v0.4.81/go.mod h1:ustIG9c7ga0z2SbElMneWvOcWPOIkFvvg6JYbjK8LkU=
github.com/gdbu/reflectio v0.1.5 h1:F/zGoyqRgi23pNRP68YRJoAU4K1p+yh6gOevhKDnBPI=
github.com/gdbu/reflectio v0.1.5/go.mod h1:lmPbGDeqC0WYCTzIiB4YlvE7JgHtrw9ceGfNznv4K3A=
github.com/gdbu/stopwatch v0.5.0 h1:iaLbkvlH9nYjXgz11/QrER/Z7hOKgAd9pzGIpqVFtAM=
github.com/gdbu/stopwatch v0.5.0/go.mod h1:XeShFhlO3R3PNuOHKMe7zR5U1TnEaY0VoIYRmRQ/ZT8=
github.com/gdbu/stringset v0.4.0 h1:ZMSMm2xeHO1AQKKe3NxE/PJARuhJahc2pJWJJ4mNePc=
github.com/gdbu/stringset v0.4.0/go.mod h1:znSCxyeQBe54+i3Vm0xkX1XU5z6r3pCZ1yDoUAf73Pw=
github.com/mojura-backends/bolt v0.2.1 h1:eqSRKqE3FD3TrYSP2Ocl1+/PrwNkyguEHA/r6EW/mv8=
github.com/mojura-backends/bolt v0.2.1/go.mod h1:+KjtCS4OuLbID3MO9jRs2EFMBwY/S5KS3YX4MTL6mxQ=
github.com/mojura/backend v0.2.1 h1:IvyZeWcAAu8TZ1u3cB5+9WtA0NbWbAsf5iymuDQ8LBs=
github.com/mojura/backend v0.2.1/go.mod h1:JasOEo8h+g7kp7qybW3K3F7qtcITeknVo27tSOibD6c=
github.com/mojura/enkodo v0.6.0 h1:ThyUiJr49hLMFDg+ZMWWMe69RIRD/RcRcVa4jfNVtiE=
github.com/mojura/enkodo v0.6.0/go.mod h1:anUBJX4KuHLU1T+yytnGFrfQyye1dNHYpjWOAq2xvzI=
github.com/mojura/kiroku v0.18.0 h1:w6l4vCWHYPIffKTybip9HBgPv16tE2TiUbVuIuB8StY=
github.com/mojura/kiroku v0.18.0/go.mod h1:o0xONLRUOLoCNhTJhOkf5mzcwwokzSlguMhA8swaHz8=
github.com/mojura/mojura v0.23.1 h1:P1wBuL4s7OUkyqPlhJXm5jRY09zXcXvLeCG6j4+q/hg=
github.com/mojura/mojura v0.23.1/go.mod h1:/9lT2q91YpNqJi+8MW3sIQSjNtKAO4yTteglLDD6/is=
github.com/vroomy/httpserve v0.13.0 h1:cOQE+8VEajv9kfdruXH+H75BDj+z2vTXd+eM4NkJJas=
github.com/vroomy/httpserve v0.13.0/go.mod h1:NaEFYakQjgE2D2GgJxf7kL13d9+z5Ct8TXBqYGLw2VE=
github.com/vroomy/vroomy v0.19.0 h1:8hi5t7bDXEDzAWW/oRHGSI2XnL3EcgqzS4bETnkgLcw=
github.com/vroomy/vroomy v0.19.0/go.mod h1:PCFMmsIj4TBaQURyJbDs1QR3M8ccvkKvHS8WPlDe/i4=
golang.org/x/crypto v0.47.0 h1:V6e3FRj+n4dbpw86FJ8Fv7XVOql7TEwpHapKoMJ/GO8=
golang.org/x/crypto v0.47.0/go.mod h1:ff3Y9VzzKbwSSEzWqJsJVBnWmRwRSHt/6Op5n9bQc4A=
golang.org/x/net v0.49.0 h1:eeHFmOGUTtaaPSGNmjBKpbng9MulQsJURQUAfUwY++o=
golang.org/x/net v0.49.0/go.mod h1:/ysNB2EvaqvesRkuLAyjI1ycPZlQHM3q01F02UY/MV8=
golang.org/x/sys v0.0.0-20201207223542-d4d67f95c62d/go.mod h1:h1NjWce9XRLGQEsW7wpKNCjG9DtNlClVuFLEZdDNbEs=
golang.org/x/sys v0.40.0 h1:DBZZqJ2Rkml6QMQsZywtnjnnGvHza6BTfYFWY9kjEWQ=
golang.org/x/sys v0.40.0/go.mod h1:OgkHotnGiDImocRcuBABYBEXf8A9a87e/uXjp9XT3ks=
golang.org/x/text v0.33.0 h1:B3njUFyqtHDUI5jMn1YIr5B0IE2U0qck04r6d4KPAxE=
golang.org/x/text v0.33.0/go.mod h1:LuMebE6+rBincTi9+xWTY8TztLzKHc/9C1uBCG27+q8=
